
Microsoft Visual Studio Solution File, Format Version 12.00
# Visual Studio Version 17
VisualStudioVersion = 17.14.37301.10 d17.14
MinimumVisualStudioVersion = 10.0.40219.1
Project("{FAE04EC0-301F-11D3-BF4B-00C04F79EFBC}") = "abc", "abc.csproj", "{00FADA15-7163-4A76-A9E2-94C21E2D7F44}"
EndProject
Global
	GlobalSection(SolutionConfigurationPlatforms) = preSolution
		Debug|Any CPU = Debug|Any CPU
		Release|Any CPU = Release|Any CPU
	EndGlobalSection
	GlobalSection(ProjectConfigurationPlatforms) = postSolution
		{00FADA15-7163-4A76-A9E2-94C21E2D7F44}.Debug|Any CPU.ActiveCfg = Debug|Any CPU
		{00FADA15-7163-4A76-A9E2-94C21E2D7F44}.Debug|Any CPU.Build.0 = Debug|Any CPU
		{00FADA15-7163-4A76-A9E2-94C21E2D7F44}.Release|Any CPU.ActiveCfg = Release|Any CPU
		{00FADA15-7163-4A76-A9E2-94C21E2D7F44}.Release|Any CPU.Build.0 = Release|Any CPU
	EndGlobalSection
	GlobalSection(SolutionProperties) = preSolution
		HideSolutionNode = FALSE
	EndGlobalSection
	GlobalSection(ExtensibilityGlobals) = postSolution
		SolutionGuid = {2B440246-CB77-4A71-A3CC-1ED9CE26FBDD}
	EndGlobalSection
EndGlobal
